// !$*UTF8*$!
{
	archiveVersion = 1;
	classes = {
	};
	objectVersion = 46;
	objects = {

/* Begin PBXBuildFile section */
		50724F021B8AB03C00EA425A /* YTImageBrowerController.m in Sources */ = {isa = PBXBuildFile; fileRef = 50724F011B8AB03C00EA425A /* YTImageBrowerController.m */; };
		50724F051B8AB50900EA425A /* YTImageModel.m in Sources */ = {isa = PBXBuildFile; fileRef = 50724F041B8AB50900EA425A /* YTImageModel.m */; };
		50724F0A1B8AB71E00EA425A /* YTImageScroll.m in Sources */ = {isa = PBXBuildFile; fileRef = 50724F091B8AB71E00EA425A /* YTImageScroll.m */; };
		50724F351B8AB80600EA425A /* AFHTTPRequestOperation.m in Sources */ = {isa = PBXBuildFile; fileRef = 50724F0E1B8AB80600EA425A /* AFHTTPRequestOperation.m */; };
		50724F361B8AB80600EA425A /* AFHTTPRequestOperationManager.m in Sources */ = {isa = PBXBuildFile; fileRef = 50724F101B8AB80600EA425A /* AFHTTPRequestOperationManager.m */; };
		50724F371B8AB80600EA425A /* AFHTTPSessionManager.m in Sources */ = {isa = PBXBuildFile; fileRef = 50724F121B8AB80600EA425A /* AFHTTPSessionManager.m */; };
		50724F381B8AB80600EA425A /* AFNetworkActivityIndicatorManager.m in Sources */ = {isa = PBXBuildFile; fileRef = 50724F141B8AB80600EA425A /* AFNetworkActivityIndicatorManager.m */; };
		50724F391B8AB80600EA425A /* AFNetworkReachabilityManager.m in Sources */ = {isa = PBXBuildFile; fileRef = 50724F171B8AB80600EA425A /* AFNetworkReachabilityManager.m */; };
		50724F3A1B8AB80600EA425A /* AFSecurityPolicy.m in Sources */ = {isa = PBXBuildFile; fileRef = 50724F191B8AB80600EA425A /* AFSecurityPolicy.m */; };
		50724F3B1B8AB80600EA425A /* AFURLConnectionOperation.m in Sources */ = {isa = PBXBuildFile; fileRef = 50724F1B1B8AB80600EA425A /* AFURLConnectionOperation.m */; };
		50724F3C1B8AB80600EA425A /* AFURLRequestSerialization.m in Sources */ = {isa = PBXBuildFile; fileRef = 50724F1D1B8AB80600EA425A /* AFURLRequestSerialization.m */; };
		50724F3D1B8AB80600EA425A /* AFURLResponseSerialization.m in Sources */ = {isa = PBXBuildFile; fileRef = 50724F1F1B8AB80600EA425A /* AFURLResponseSerialization.m */; };
		50724F3E1B8AB80600EA425A /* AFURLSessionManager.m in Sources */ = {isa = PBXBuildFile; fileRef = 50724F211B8AB80600EA425A /* AFURLSessionManager.m */; };
		50724F3F1B8AB80600EA425A /* UIActivityIndicatorView+AFNetworking.m in Sources */ = {isa = PBXBuildFile; fileRef = 50724F241B8AB80600EA425A /* UIActivityIndicatorView+AFNetworking.m */; };
		50724F401B8AB80600EA425A /* UIAlertView+AFNetworking.m in Sources */ = {isa = PBXBuildFile; fileRef = 50724F261B8AB80600EA425A /* UIAlertView+AFNetworking.m */; };
		50724F411B8AB80600EA425A /* UIButton+AFNetworking.m in Sources */ = {isa = PBXBuildFile; fileRef = 50724F281B8AB80600EA425A /* UIButton+AFNetworking.m */; };
		50724F421B8AB80600EA425A /* UIImageView+AFNetworking.m in Sources */ = {isa = PBXBuildFile; fileRef = 50724F2A1B8AB80600EA425A /* UIImageView+AFNetworking.m */; };
		50724F431B8AB80600EA425A /* UIProgressView+AFNetworking.m in Sources */ = {isa = PBXBuildFile; fileRef = 50724F2D1B8AB80600EA425A /* UIProgressView+AFNetworking.m */; };
		50724F441B8AB80600EA425A /* UIRefreshControl+AFNetworking.m in Sources */ = {isa = PBXBuildFile; fileRef = 50724F2F1B8AB80600EA425A /* UIRefreshControl+AFNetworking.m */; };
		50724F451B8AB80600EA425A /* UIWebView+AFNetworking.m in Sources */ = {isa = PBXBuildFile; fileRef = 50724F311B8AB80600EA425A /* UIWebView+AFNetworking.m */; };
		50724F461B8AB80600EA425A /* MBProgressHUD.m in Sources */ = {isa = PBXBuildFile; fileRef = 50724F341B8AB80600EA425A /* MBProgressHUD.m */; };
		50724F4C1B8AB9AE00EA425A /* YTDeviceTest.m in Sources */ = {isa = PBXBuildFile; fileRef = 50724F4B1B8AB9AE00EA425A /* YTDeviceTest.m */; };
		50724F4F1B8ABB3800EA425A /* YTNetworkLoad.m in Sources */ = {isa = PBXBuildFile; fileRef = 50724F4E1B8ABB3800EA425A /* YTNetworkLoad.m */; };
		50DE20BA1B86B33600114954 /* main.m in Sources */ = {isa = PBXBuildFile; fileRef = 50DE20B91B86B33600114954 /* main.m */; };
		50DE20BD1B86B33600114954 /* AppDelegate.m in Sources */ = {isa = PBXBuildFile; fileRef = 50DE20BC1B86B33600114954 /* AppDelegate.m */; };
		50DE20C01B86B33600114954 /* ViewController.m in Sources */ = {isa = PBXBuildFile; fileRef = 50DE20BF1B86B33600114954 /* ViewController.m */; };
		50DE20C31B86B33600114954 /* Main.storyboard in Resources */ = {isa = PBXBuildFile; fileRef = 50DE20C11B86B33600114954 /* Main.storyboard */; };
		50DE20C51B86B33600114954 /* Images.xcassets in Resources */ = {isa = PBXBuildFile; fileRef = 50DE20C41B86B33600114954 /* Images.xcassets */; };
		50DE20C81B86B33600114954 /* LaunchScreen.xib in Resources */ = {isa = PBXBuildFile; fileRef = 50DE20C61B86B33600114954 /* LaunchScreen.xib */; };
		50DE20D41B86B33600114954 /* YTImageBrowserTests.m in Sources */ = {isa = PBXBuildFile; fileRef = 50DE20D31B86B33600114954 /* YTImageBrowserTests.m */; };
/* End PBXBuildFile section */

/* Begin PBXContainerItemProxy section */
		50DE20CE1B86B33600114954 /* PBXContainerItemProxy */ = {
			isa = PBXContainerItemProxy;
			containerPortal = 50DE20AC1B86B33600114954 /* Project object */;
			proxyType = 1;
			remoteGlobalIDString = 50DE20B31B86B33600114954;
			remoteInfo = YTImageBrowser;
		};
/* End PBXContainerItemProxy section */

/* Begin PBXFileReference section */
		50724F001B8AB03C00EA425A /* YTImageBrowerController.h */ = {isa = PBXFileReference; fileEncoding = 4; lastKnownFileType = sourcecode.c.h; path = YTImageBrowerController.h; sourceTree = "<group>"; };
		50724F011B8AB03C00EA425A /* YTImageBrowerController.m */ = {isa = PBXFileReference; fileEncoding = 4; lastKnownFileType = sourcecode.c.objc; path = YTImageBrowerController.m; sourceTree = "<group>"; };
		50724F031B8AB50900EA425A /* YTImageModel.h */ = {isa = PBXFileReference; fileEncoding = 4; lastKnownFileType = sourcecode.c.h; path = YTImageModel.h; sourceTree = "<group>"; };
		50724F041B8AB50900EA425A /* YTImageModel.m */ = {isa = PBXFileReference; fileEncoding = 4; lastKnownFileType = sourcecode.c.objc; path = YTImageModel.m; sourceTree = "<group>"; };
		50724F081B8AB71E00EA425A /* YTImageScroll.h */ = {isa = PBXFileReference; fileEncoding = 4; lastKnownFileType = sourcecode.c.h; path = YTImageScroll.h; sourceTree = "<group>"; };
		50724F091B8AB71E00EA425A /* YTImageScroll.m */ = {isa = PBXFileReference; fileEncoding = 4; lastKnownFileType = sourcecode.c.objc; path = YTImageScroll.m; sourceTree = "<group>"; };
		50724F0D1B8AB80600EA425A /* AFHTTPRequestOperation.h */ = {isa = PBXFileReference; fileEncoding = 4; lastKnownFileType = sourcecode.c.h; path = AFHTTPRequestOperation.h; sourceTree = "<group>"; };
		50724F0E1B8AB80600EA425A /* AFHTTPRequestOperation.m */ = {isa = PBXFileReference; fileEncoding = 4; lastKnownFileType = sourcecode.c.objc; path = AFHTTPRequestOperation.m; sourceTree = "<group>"; };
		50724F0F1B8AB80600EA425A /* AFHTTPRequestOperationManager.h */ = {isa = PBXFileReference; fileEncoding = 4; lastKnownFileType = sourcecode.c.h; path = AFHTTPRequestOperationManager.h; sourceTree = "<group>"; };
		50724F101B8AB80600EA425A /* AFHTTPRequestOperationManager.m */ = {isa = PBXFileReference; fileEncoding = 4; lastKnownFileType = sourcecode.c.objc; path = AFHTTPRequestOperationManager.m; sourceTree = "<group>"; };
		50724F111B8AB80600EA425A /* AFHTTPSessionManager.h */ = {isa = PBXFileReference; fileEncoding = 4; lastKnownFileType = sourcecode.c.h; path = AFHTTPSessionManager.h; sourceTree = "<group>"; };
		50724F121B8AB80600EA425A /* AFHTTPSessionManager.m */ = {isa = PBXFileReference; fileEncoding = 4; lastKnownFileType = sourcecode.c.objc; path = AFHTTPSessionManager.m; sourceTree = "<group>"; };
		50724F131B8AB80600EA425A /* AFNetworkActivityIndicatorManager.h */ = {isa = PBXFileReference; fileEncoding = 4; lastKnownFileType = sourcecode.c.h; path = AFNetworkActivityIndicatorManager.h; sourceTree = "<group>"; };
		50724F141B8AB80600EA425A /* AFNetworkActivityIndicatorManager.m */ = {isa = PBXFileReference; fileEncoding = 4; lastKnownFileType = sourcecode.c.objc; path = AFNetworkActivityIndicatorManager.m; sourceTree = "<group>"; };
		50724F151B8AB80600EA425A /* AFNetworking.h */ = {isa = PBXFileReference; fileEncoding = 4; lastKnownFileType = sourcecode.c.h; path = AFNetworking.h; sourceTree = "<group>"; };
		50724F161B8AB80600EA425A /* AFNetworkReachabilityManager.h */ = {isa = PBXFileReference; fileEncoding = 4; lastKnownFileType = sourcecode.c.h; path = AFNetworkReachabilityManager.h; sourceTree = "<group>"; };
		50724F171B8AB80600EA425A /* AFNetworkReachabilityManager.m */ = {isa = PBXFileReference; fileEncoding = 4; lastKnownFileType = sourcecode.c.objc; path = AFNetworkReachabilityManager.m; sourceTree = "<group>"; };
		50724F181B8AB80600EA425A /* AFSecurityPolicy.h */ = {isa = PBXFileReference; fileEncoding = 4; lastKnownFileType = sourcecode.c.h; path = AFSecurityPolicy.h; sourceTree = "<group>"; };
		50724F191B8AB80600EA425A /* AFSecurityPolicy.m */ = {isa = PBXFileReference; fileEncoding = 4; lastKnownFileType = sourcecode.c.objc; path = AFSecurityPolicy.m; sourceTree = "<group>"; };
		50724F1A1B8AB80600EA425A /* AFURLConnectionOperation.h */ = {isa = PBXFileReference; fileEncoding = 4; lastKnownFileType = sourcecode.c.h; path = AFURLConnectionOperation.h; sourceTree = "<group>"; };
		50724F1B1B8AB80600EA425A /* AFURLConnectionOperation.m */ = {isa = PBXFileReference; fileEncoding = 4; lastKnownFileType = sourcecode.c.objc; path = AFURLConnectionOperation.m; sourceTree = "<group>"; };
		50724F1C1B8AB80600EA425A /* AFURLRequestSerialization.h */ = {isa = PBXFileReference; fileEncoding = 4; lastKnownFileType = sourcecode.c.h; path = AFURLRequestSerialization.h; sourceTree = "<group>"; };
		50724F1D1B8AB80600EA425A /* AFURLRequestSerialization.m */ = {isa = PBXFileReference; fileEncoding = 4; lastKnownFileType = sourcecode.c.objc; path = AFURLRequestSerialization.m; sourceTree = "<group>"; };
		50724F1E1B8AB80600EA425A /* AFURLResponseSerialization.h */ = {isa = PBXFileReference; fileEncoding = 4; lastKnownFileType = sourcecode.c.h; path = AFURLResponseSerialization.h; sourceTree = "<group>"; };
		50724F1F1B8AB80600EA425A /* AFURLResponseSerialization.m */ = {isa = PBXFileReference; fileEncoding = 4; lastKnownFileType = sourcecode.c.objc; path = AFURLResponseSerialization.m; sourceTree = "<group>"; };
		50724F201B8AB80600EA425A /* AFURLSessionManager.h */ = {isa = PBXFileReference; fileEncoding = 4; lastKnownFileType = sourcecode.c.h; path = AFURLSessionManager.h; sourceTree = "<group>"; };
		50724F211B8AB80600EA425A /* AFURLSessionManager.m */ = {isa = PBXFileReference; fileEncoding = 4; lastKnownFileType = sourcecode.c.objc; path = AFURLSessionManager.m; sourceTree = "<group>"; };
		50724F221B8AB80600EA425A /* UIActivityIndicatorView+AFNetworking.h */ = {isa = PBXFileReference; fileEncoding = 4; lastKnownFileType = sourcecode.c.h; path = "UIActivityIndicatorView+AFNetworking.h"; sourceTree = "<group>"; };
		50724F241B8AB80600EA425A /* UIActivityIndicatorView+AFNetworking.m */ = {isa = PBXFileReference; fileEncoding = 4; lastKnownFileType = sourcecode.c.objc; path = "UIActivityIndicatorView+AFNetworking.m"; sourceTree = "<group>"; };
		50724F251B8AB80600EA425A /* UIAlertView+AFNetworking.h */ = {isa = PBXFileReference; fileEncoding = 4; lastKnownFileType = sourcecode.c.h; path = "UIAlertView+AFNetworking.h"; sourceTree = "<group>"; };
		50724F261B8AB80600EA425A /* UIAlertView+AFNetworking.m */ = {isa = PBXFileReference; fileEncoding = 4; lastKnownFileType = sourcecode.c.objc; path = "UIAlertView+AFNetworking.m"; sourceTree = "<group>"; };
		50724F271B8AB80600EA425A /* UIButton+AFNetworking.h */ = {isa = PBXFileReference; fileEncoding = 4; lastKnownFileType = sourcecode.c.h; path = "UIButton+AFNetworking.h"; sourceTree = "<group>"; };
		50724F281B8AB80600EA425A /* UIButton+AFNetworking.m */ = {isa = PBXFileReference; fileEncoding = 4; lastKnownFileType = sourcecode.c.objc; path = "UIButton+AFNetworking.m"; sourceTree = "<group>"; };
		50724F291B8AB80600EA425A /* UIImageView+AFNetworking.h */ = {isa = PBXFileReference; fileEncoding = 4; lastKnownFileType = sourcecode.c.h; path = "UIImageView+AFNetworking.h"; sourceTree = "<group>"; };
		50724F2A1B8AB80600EA425A /* UIImageView+AFNetworking.m */ = {isa = PBXFileReference; fileEncoding = 4; lastKnownFileType = sourcecode.c.objc; path = "UIImageView+AFNetworking.m"; sourceTree = "<group>"; };
		50724F2B1B8AB80600EA425A /* UIKit+AFNetworking.h */ = {isa = PBXFileReference; fileEncoding = 4; lastKnownFileType = sourcecode.c.h; path = "UIKit+AFNetworking.h"; sourceTree = "<group>"; };
		50724F2C1B8AB80600EA425A /* UIProgressView+AFNetworking.h */ = {isa = PBXFileReference; fileEncoding = 4; lastKnownFileType = sourcecode.c.h; path = "UIProgressView+AFNetworking.h"; sourceTree = "<group>"; };
		50724F2D1B8AB80600EA425A /* UIProgressView+AFNetworking.m */ = {isa = PBXFileReference; fileEncoding = 4; lastKnownFileType = sourcecode.c.objc; path = "UIProgressView+AFNetworking.m"; sourceTree = "<group>"; };
		50724F2E1B8AB80600EA425A /* UIRefreshControl+AFNetworking.h */ = {isa = PBXFileReference; fileEncoding = 4; lastKnownFileType = sourcecode.c.h; path = "UIRefreshControl+AFNetworking.h"; sourceTree = "<group>"; };
		50724F2F1B8AB80600EA425A /* UIRefreshControl+AFNetworking.m */ = {isa = PBXFileReference; fileEncoding = 4; lastKnownFileType = sourcecode.c.objc; path = "UIRefreshControl+AFNetworking.m"; sourceTree = "<group>"; };
		50724F301B8AB80600EA425A /* UIWebView+AFNetworking.h */ = {isa = PBXFileReference; fileEncoding = 4; lastKnownFileType = sourcecode.c.h; path = "UIWebView+AFNetworking.h"; sourceTree = "<group>"; };
		50724F311B8AB80600EA425A /* UIWebView+AFNetworking.m */ = {isa = PBXFileReference; fileEncoding = 4; lastKnownFileType = sourcecode.c.objc; path = "UIWebView+AFNetworking.m"; sourceTree = "<group>"; };
		50724F331B8AB80600EA425A /* MBProgressHUD.h */ = {isa = PBXFileReference; fileEncoding = 4; lastKnownFileType = sourcecode.c.h; path = MBProgressHUD.h; sourceTree = "<group>"; };
		50724F341B8AB80600EA425A /* MBProgressHUD.m */ = {isa = PBXFileReference; fileEncoding = 4; lastKnownFileType = sourcecode.c.objc; path = MBProgressHUD.m; sourceTree = "<group>"; };
		50724F4A1B8AB9AE00EA425A /* YTDeviceTest.h */ = {isa = PBXFileReference; fileEncoding = 4; lastKnownFileType = sourcecode.c.h; path = YTDeviceTest.h; sourceTree = "<group>"; };
		50724F4B1B8AB9AE00EA425A /* YTDeviceTest.m */ = {isa = PBXFileReference; fileEncoding = 4; lastKnownFileType = sourcecode.c.objc; path = YTDeviceTest.m; sourceTree = "<group>"; };
		50724F4D1B8ABB3800EA425A /* YTNetworkLoad.h */ = {isa = PBXFileReference; fileEncoding = 4; lastKnownFileType = sourcecode.c.h; path = YTNetworkLoad.h; sourceTree = "<group>"; };
		50724F4E1B8ABB3800EA425A /* YTNetworkLoad.m */ = {isa = PBXFileReference; fileEncoding = 4; lastKnownFileType = sourcecode.c.objc; path = YTNetworkLoad.m; sourceTree = "<group>"; };
		50DE20B41B86B33600114954 /* YTImageBrowser.app */ = {isa = PBXFileReference; explicitFileType = wrapper.application; includeInIndex = 0; path = YTImageBrowser.app; sourceTree = BUILT_PRODUCTS_DIR; };
		50DE20B81B86B33600114954 /* Info.plist */ = {isa = PBXFileReference; lastKnownFileType = text.plist.xml; path = Info.plist; sourceTree = "<group>"; };
		50DE20B91B86B33600114954 /* main.m */ = {isa = PBXFileReference; lastKnownFileType = sourcecode.c.objc; path = main.m; sourceTree = "<group>"; };
		50DE20BB1B86B33600114954 /* AppDelegate.h */ = {isa = PBXFileReference; lastKnownFileType = sourcecode.c.h; path = AppDelegate.h; sourceTree = "<group>"; };
		50DE20BC1B86B33600114954 /* AppDelegate.m */ = {isa = PBXFileReference; lastKnownFileType = sourcecode.c.objc; path = AppDelegate.m; sourceTree = "<group>"; };
		50DE20BE1B86B33600114954 /* ViewController.h */ = {isa = PBXFileReference; lastKnownFileType = sourcecode.c.h; path = ViewController.h; sourceTree = "<group>"; };
		50DE20BF1B86B33600114954 /* ViewController.m */ = {isa = PBXFileReference; lastKnownFileType = sourcecode.c.objc; path = ViewController.m; sourceTree = "<group>"; };
		50DE20C21B86B33600114954 /* Base */ = {isa = PBXFileReference; lastKnownFileType = file.storyboard; name = Base; path = Base.lproj/Main.storyboard; sourceTree = "<group>"; };
		50DE20C41B86B33600114954 /* Images.xcassets */ = {isa = PBXFileReference; lastKnownFileType = folder.assetcatalog; path = Images.xcassets; sourceTree = "<group>"; };
		50DE20C71B86B33600114954 /* Base */ = {isa = PBXFileReference; lastKnownFileType = file.xib; name = Base; path = Base.lproj/LaunchScreen.xib; sourceTree = "<group>"; };
		50DE20CD1B86B33600114954 /* YTImageBrowserTests.xctest */ = {isa = PBXFileReference; explicitFileType = wrapper.cfbundle; includeInIndex = 0; path = YTImageBrowserTests.xctest; sourceTree = BUILT_PRODUCTS_DIR; };
		50DE20D21B86B33600114954 /* Info.plist */ = {isa = PBXFileReference; lastKnownFileType = text.plist.xml; path = Info.plist; sourceTree = "<group>"; };
		50DE20D31B86B33600114954 /* YTImageBrowserTests.m */ = {isa = PBXFileReference; lastKnownFileType = sourcecode.c.objc; path = YTImageBrowserTests.m; sourceTree = "<group>"; };
/* End PBXFileReference section */

/* Begin PBXFrameworksBuildPhase section */
		50DE20B11B86B33600114954 /* Frameworks */ = {
			isa = PBXFrameworksBuildPhase;
			buildActionMask = 2147483647;
			files = (
			);
			runOnlyForDeploymentPostprocessing = 0;
		};
		50DE20CA1B86B33600114954 /* Frameworks */ = {
			isa = PBXFrameworksBuildPhase;
			buildActionMask = 2147483647;
			files = (
			);
			runOnlyForDeploymentPostprocessing = 0;
		};
/* End PBXFrameworksBuildPhase section */

/* Begin PBXGroup section */
		50724EFF1B8AAFA300EA425A /* ACDSee */ = {
			isa = PBXGroup;
			children = (
				50724F001B8AB03C00EA425A /* YTImageBrowerController.h */,
				50724F011B8AB03C00EA425A /* YTImageBrowerController.m */,
				50724F031B8AB50900EA425A /* YTImageModel.h */,
				50724F041B8AB50900EA425A /* YTImageModel.m */,
				50724F081B8AB71E00EA425A /* YTImageScroll.h */,
				50724F091B8AB71E00EA425A /* YTImageScroll.m */,
				50724F4A1B8AB9AE00EA425A /* YTDeviceTest.h */,
				50724F4B1B8AB9AE00EA425A /* YTDeviceTest.m */,
				50724F4D1B8ABB3800EA425A /* YTNetworkLoad.h */,
				50724F4E1B8ABB3800EA425A /* YTNetworkLoad.m */,
			);
			path = ACDSee;
			sourceTree = "<group>";
		};
		50724F0B1B8AB80600EA425A /* AFNET */ = {
			isa = PBXGroup;
			children = (
				50724F0C1B8AB80600EA425A /* AFNetworking */,
				50724F231B8AB80600EA425A /* UIKit+AFNetworking */,
			);
			path = AFNET;
			sourceTree = "<group>";
		};
		50724F0C1B8AB80600EA425A /* AFNetworking */ = {
			isa = PBXGroup;
			children = (
				50724F0D1B8AB80600EA425A /* AFHTTPRequestOperation.h */,
				50724F0E1B8AB80600EA425A /* AFHTTPRequestOperation.m */,
				50724F0F1B8AB80600EA425A /* AFHTTPRequestOperationManager.h */,
				50724F101B8AB80600EA425A /* AFHTTPRequestOperationManager.m */,
				50724F111B8AB80600EA425A /* AFHTTPSessionManager.h */,
				50724F121B8AB80600EA425A /* AFHTTPSessionManager.m */,
				50724F131B8AB80600EA425A /* AFNetworkActivityIndicatorManager.h */,
				50724F141B8AB80600EA425A /* AFNetworkActivityIndicatorManager.m */,
				50724F151B8AB80600EA425A /* AFNetworking.h */,
				50724F161B8AB80600EA425A /* AFNetworkReachabilityManager.h */,
				50724F171B8AB80600EA425A /* AFNetworkReachabilityManager.m */,
				50724F181B8AB80600EA425A /* AFSecurityPolicy.h */,
				50724F191B8AB80600EA425A /* AFSecurityPolicy.m */,
				50724F1A1B8AB80600EA425A /* AFURLConnectionOperation.h */,
				50724F1B1B8AB80600EA425A /* AFURLConnectionOperation.m */,
				50724F1C1B8AB80600EA425A /* AFURLRequestSerialization.h */,
				50724F1D1B8AB80600EA425A /* AFURLRequestSerialization.m */,
				50724F1E1B8AB80600EA425A /* AFURLResponseSerialization.h */,
				50724F1F1B8AB80600EA425A /* AFURLResponseSerialization.m */,
				50724F201B8AB80600EA425A /* AFURLSessionManager.h */,
				50724F211B8AB80600EA425A /* AFURLSessionManager.m */,
				50724F221B8AB80600EA425A /* UIActivityIndicatorView+AFNetworking.h */,
			);
			path = AFNetworking;
			sourceTree = "<group>";
		};
		50724F231B8AB80600EA425A /* UIKit+AFNetworking */ = {
			isa = PBXGroup;
			children = (
				50724F241B8AB80600EA425A /* UIActivityIndicatorView+AFNetworking.m */,
				50724F251B8AB80600EA425A /* UIAlertView+AFNetworking.h */,
				50724F261B8AB80600EA425A /* UIAlertView+AFNetworking.m */,
				50724F271B8AB80600EA425A /* UIButton+AFNetworking.h */,
				50724F281B8AB80600EA425A /* UIButton+AFNetworking.m */,
				50724F291B8AB80600EA425A /* UIImageView+AFNetworking.h */,
				50724F2A1B8AB80600EA425A /* UIImageView+AFNetworking.m */,
				50724F2B1B8AB80600EA425A /* UIKit+AFNetworking.h */,
				50724F2C1B8AB80600EA425A /* UIProgressView+AFNetworking.h */,
				50724F2D1B8AB80600EA425A /* UIProgressView+AFNetworking.m */,
				50724F2E1B8AB80600EA425A /* UIRefreshControl+AFNetworking.h */,
				50724F2F1B8AB80600EA425A /* UIRefreshControl+AFNetworking.m */,
				50724F301B8AB80600EA425A /* UIWebView+AFNetworking.h */,
				50724F311B8AB80600EA425A /* UIWebView+AFNetworking.m */,
			);
			path = "UIKit+AFNetworking";
			sourceTree = "<group>";
		};
		50724F321B8AB80600EA425A /* HUD */ = {
			isa = PBXGroup;
			children = (
				50724F331B8AB80600EA425A /* MBProgressHUD.h */,
				50724F341B8AB80600EA425A /* MBProgressHUD.m */,
			);
			path = HUD;
			sourceTree = "<group>";
		};
		50DE20AB1B86B33600114954 = {
			isa = PBXGroup;
			children = (
				50DE20B61B86B33600114954 /* YTImageBrowser */,
				50DE20D01B86B33600114954 /* YTImageBrowserTests */,
				50DE20B51B86B33600114954 /* Products */,
			);
			sourceTree = "<group>";
		};
		50DE20B51B86B33600114954 /* Products */ = {
			isa = PBXGroup;
			children = (
				50DE20B41B86B33600114954 /* YTImageBrowser.app */,
				50DE20CD1B86B33600114954 /* YTImageBrowserTests.xctest */,
			);
			name = Products;
			sourceTree = "<group>";
		};
		50DE20B61B86B33600114954 /* YTImageBrowser */ = {
			isa = PBXGroup;
			children = (
				50DE20BB1B86B33600114954 /* AppDelegate.h */,
				50DE20BC1B86B33600114954 /* AppDelegate.m */,
				50DE20BE1B86B33600114954 /* ViewController.h */,
				50DE20BF1B86B33600114954 /* ViewController.m */,
				50724F0B1B8AB80600EA425A /* AFNET */,
				50724F321B8AB80600EA425A /* HUD */,
				50724EFF1B8AAFA300EA425A /* ACDSee */,
				50DE20C11B86B33600114954 /* Main.storyboard */,
				50DE20C41B86B33600114954 /* Images.xcassets */,
				50DE20C61B86B33600114954 /* LaunchScreen.xib */,
				50DE20B71B86B33600114954 /* Supporting Files */,
			);
			path = YTImageBrowser;
			sourceTree = "<group>";
		};
		50DE20B71B86B33600114954 /* Supporting Files */ = {
			isa = PBXGroup;
			children = (
				50DE20B81B86B33600114954 /* Info.plist */,
				50DE20B91B86B33600114954 /* main.m */,
			);
			name = "Supporting Files";
			sourceTree = "<group>";
		};
		50DE20D01B86B33600114954 /* YTImageBrowserTests */ = {
			isa = PBXGroup;
			children = (
				50DE20D31B86B33600114954 /* YTImageBrowserTests.m */,
				50DE20D11B86B33600114954 /* Supporting Files */,
			);
			path = YTImageBrowserTests;
			sourceTree = "<group>";
		};
		50DE20D11B86B33600114954 /* Supporting Files */ = {
			isa = PBXGroup;
			children = (
				50DE20D21B86B33600114954 /* Info.plist */,
			);
			name = "Supporting Files";
			sourceTree = "<group>";
		};
/* End PBXGroup section */

/* Begin PBXNativeTarget section */
		50DE20B31B86B33600114954 /* YTImageBrowser */ = {
			isa = PBXNativeTarget;
			buildConfigurationList = 50DE20D71B86B33600114954 /* Build configuration list for PBXNativeTarget "YTImageBrowser" */;
			buildPhases = (
				50DE20B01B86B33600114954 /* Sources */,
				50DE20B11B86B33600114954 /* Frameworks */,
				50DE20B21B86B33600114954 /* Resources */,
			);
			buildRules = (
			);
			dependencies = (
			);
			name = YTImageBrowser;
			productName = YTImageBrowser;
			productReference = 50DE20B41B86B33600114954 /* YTImageBrowser.app */;
			productType = "com.apple.product-type.application";
		};
		50DE20CC1B86B33600114954 /* YTImageBrowserTests */ = {
			isa = PBXNativeTarget;
			buildConfigurationList = 50DE20DA1B86B33600114954 /* Build configuration list for PBXNativeTarget "YTImageBrowserTests" */;
			buildPhases = (
				50DE20C91B86B33600114954 /* Sources */,
				50DE20CA1B86B33600114954 /* Frameworks */,
				50DE20CB1B86B33600114954 /* Resources */,
			);
			buildRules = (
			);
			dependencies = (
				50DE20CF1B86B33600114954 /* PBXTargetDependency */,
			);
			name = YTImageBrowserTests;
			productName = YTImageBrowserTests;
			productReference = 50DE20CD1B86B33600114954 /* YTImageBrowserTests.xctest */;
			productType = "com.apple.product-type.bundle.unit-test";
		};
/* End PBXNativeTarget section */

/* Begin PBXProject section */
		50DE20AC1B86B33600114954 /* Project object */ = {
			isa = PBXProject;
			attributes = {
				LastUpgradeCheck = 0630;
				ORGANIZATIONNAME = YccTime;
				TargetAttributes = {
					50DE20B31B86B33600114954 = {
						CreatedOnToolsVersion = 6.3.2;
					};
					50DE20CC1B86B33600114954 = {
						CreatedOnToolsVersion = 6.3.2;
						TestTargetID = 50DE20B31B86B33600114954;
					};
				};
			};
			buildConfigurationList = 50DE20AF1B86B33600114954 /* Build configuration list for PBXProject "YTImageBrowser" */;
			compatibilityVersion = "Xcode 3.2";
			developmentRegion = English;
			hasScannedForEncodings = 0;
			knownRegions = (
				en,
				Base,
			);
			mainGroup = 50DE20AB1B86B33600114954;
			productRefGroup = 50DE20B51B86B33600114954 /* Products */;
			projectDirPath = "";
			projectRoot = "";
			targets = (
				50DE20B31B86B33600114954 /* YTImageBrowser */,
				50DE20CC1B86B33600114954 /* YTImageBrowserTests */,
			);
		};
/* End PBXProject section */

/* Begin PBXResourcesBuildPhase section */
		50DE20B21B86B33600114954 /* Resources */ = {
			isa = PBXResourcesBuildPhase;
			buildActionMask = 2147483647;
			files = (
				50DE20C31B86B33600114954 /* Main.storyboard in Resources */,
				50DE20C81B86B33600114954 /* LaunchScreen.xib in Resources */,
				50DE20C51B86B33600114954 /* Images.xcassets in Resources */,
			);
			runOnlyForDeploymentPostprocessing = 0;
		};
		50DE20CB1B86B33600114954 /* Resources */ = {
			isa = PBXResourcesBuildPhase;
			buildActionMask = 2147483647;
			files = (
			);
			runOnlyForDeploymentPostprocessing = 0;
		};
/* End PBXResourcesBuildPhase section */

/* Begin PBXSourcesBuildPhase section */
		50DE20B01B86B33600114954 /* Sources */ = {
			isa = PBXSourcesBuildPhase;
			buildActionMask = 2147483647;
			files = (
				50724F3B1B8AB80600EA425A /* AFURLConnectionOperation.m in Sources */,
				50DE20C01B86B33600114954 /* ViewController.m in Sources */,
				50724F0A1B8AB71E00EA425A /* YTImageScroll.m in Sources */,
				50724F4F1B8ABB3800EA425A /* YTNetworkLoad.m in Sources */,
				50724F051B8AB50900EA425A /* YTImageModel.m in Sources */,
				50724F3D1B8AB80600EA425A /* AFURLResponseSerialization.m in Sources */,
				50724F371B8AB80600EA425A /* AFHTTPSessionManager.m in Sources */,
				50724F3C1B8AB80600EA425A /* AFURLRequestSerialization.m in Sources */,
				50724F461B8AB80600EA425A /* MBProgressHUD.m in Sources */,
				50724F431B8AB80600EA425A /* UIProgressView+AFNetworking.m in Sources */,
				50724F3A1B8AB80600EA425A /* AFSecurityPolicy.m in Sources */,
				50724F381B8AB80600EA425A /* AFNetworkActivityIndicatorManager.m in Sources */,
				50724F3E1B8AB80600EA425A /* AFURLSessionManager.m in Sources */,
				50724F411B8AB80600EA425A /* UIButton+AFNetworking.m in Sources */,
				50724F421B8AB80600EA425A /* UIImageView+AFNetworking.m in Sources */,
				50724F021B8AB03C00EA425A /* YTImageBrowerController.m in Sources */,
				50DE20BD1B86B33600114954 /* AppDelegate.m in Sources */,
				50724F401B8AB80600EA425A /* UIAlertView+AFNetworking.m in Sources */,
				50724F451B8AB80600EA425A /* UIWebView+AFNetworking.m in Sources */,
				50724F3F1B8AB80600EA425A /* UIActivityIndicatorView+AFNetworking.m in Sources */,
				50724F4C1B8AB9AE00EA425A /* YTDeviceTest.m in Sources */,
				50DE20BA1B86B33600114954 /* main.m in Sources */,
				50724F441B8AB80600EA425A /* UIRefreshControl+AFNetworking.m in Sources */,
				50724F361B8AB80600EA425A /* AFHTTPRequestOperationManager.m in Sources */,
				50724F391B8AB80600EA425A /* AFNetworkReachabilityManager.m in Sources */,
				50724F351B8AB80600EA425A /* AFHTTPRequestOperation.m in Sources */,
			);
			runOnlyForDeploymentPostprocessing = 0;
		};
		50DE20C91B86B33600114954 /* Sources */ = {
			isa = PBXSourcesBuildPhase;
			buildActionMask = 2147483647;
			files = (
				50DE20D41B86B33600114954 /* YTImageBrowserTests.m in Sources */,
			);
			runOnlyForDeploymentPostprocessing = 0;
		};
/* End PBXSourcesBuildPhase section */

/* Begin PBXTargetDependency section */
		50DE20CF1B86B33600114954 /* PBXTargetDependency */ = {
			isa = PBXTargetDependency;
			target = 50DE20B31B86B33600114954 /* YTImageBrowser */;
			targetProxy = 50DE20CE1B86B33600114954 /* PBXContainerItemProxy */;
		};
/* End PBXTargetDependency section */

/* Begin PBXVariantGroup section */
		50DE20C11B86B33600114954 /* Main.storyboard */ = {
			isa = PBXVariantGroup;
			children = (
				50DE20C21B86B33600114954 /* Base */,
			);
			name = Main.storyboard;
			sourceTree = "<group>";
		};
		50DE20C61B86B33600114954 /* LaunchScreen.xib */ = {
			isa = PBXVariantGroup;
			children = (
				50DE20C71B86B33600114954 /* Base */,
			);
			name = LaunchScreen.xib;
			sourceTree = "<group>";
		};
/* End PBXVariantGroup section */

/* Begin XCBuildConfiguration section */
		50DE20D51B86B33600114954 /* Debug */ = {
			isa = XCBuildConfiguration;
			buildSettings = {
				ALWAYS_SEARCH_USER_PATHS = NO;
				CLANG_CXX_LANGUAGE_STANDARD = "gnu++0x";
				CLANG_CXX_LIBRARY = "libc++";
				CLANG_ENABLE_MODULES = YES;
				CLANG_ENABLE_OBJC_ARC = YES;
				CLANG_WARN_BOOL_CONVERSION = YES;
				CLANG_WARN_CONSTANT_CONVERSION = YES;
				CLANG_WARN_DIRECT_OBJC_ISA_USAGE = YES_ERROR;
				CLANG_WARN_EMPTY_BODY = YES;
				CLANG_WARN_ENUM_CONVERSION = YES;
				CLANG_WARN_INT_CONVERSION = YES;
				CLANG_WARN_OBJC_ROOT_CLASS = YES_ERROR;
				CLANG_WARN_UNREACHABLE_CODE = YES;
				CLANG_WARN__DUPLICATE_METHOD_MATCH = YES;
				"CODE_SIGN_IDENTITY[sdk=iphoneos*]" = "iPhone Developer";
				COPY_PHASE_STRIP = NO;
				DEBUG_INFORMATION_FORMAT = "dwarf-with-dsym";
				ENABLE_STRICT_OBJC_MSGSEND = YES;
				GCC_C_LANGUAGE_STANDARD = gnu99;
				GCC_DYNAMIC_NO_PIC = NO;
				GCC_NO_COMMON_BLOCKS = YES;
				GCC_OPTIMIZATION_LEVEL = 0;
				GCC_PREPROCESSOR_DEFINITIONS = (
					"DEBUG=1",
					"$(inherited)",
				);
				GCC_SYMBOLS_PRIVATE_EXTERN = NO;
				GCC_WARN_64_TO_32_BIT_CONVERSION = YES;
				GCC_WARN_ABOUT_RETURN_TYPE = YES_ERROR;
				GCC_WARN_UNDECLARED_SELECTOR = YES;
				GCC_WARN_UNINITIALIZED_AUTOS = YES_AGGRESSIVE;
				GCC_WARN_UNUSED_FUNCTION = YES;
				GCC_WARN_UNUSED_VARIABLE = YES;
				IPHONEOS_DEPLOYMENT_TARGET = 8.3;
				MTL_ENABLE_DEBUG_INFO = YES;
				ONLY_ACTIVE_ARCH = YES;
				SDKROOT = iphoneos;
				TARGETED_DEVICE_FAMILY = "1,2";
			};
			name = Debug;
		};
		50DE20D61B86B33600114954 /* Release */ = {
			isa = XCBuildConfiguration;
			buildSettings = {
				ALWAYS_SEARCH_USER_PATHS = NO;
				CLANG_CXX_LANGUAGE_STANDARD = "gnu++0x";
				CLANG_CXX_LIBRARY = "libc++";
				CLANG_ENABLE_MODULES = YES;
				CLANG_ENABLE_OBJC_ARC = YES;
				CLANG_WARN_BOOL_CONVERSION = YES;
				CLANG_WARN_CONSTANT_CONVERSION = YES;
				CLANG_WARN_DIRECT_OBJC_ISA_USAGE = YES_ERROR;
				CLANG_WARN_EMPTY_BODY = YES;
				CLANG_WARN_ENUM_CONVERSION = YES;
				CLANG_WARN_INT_CONVERSION = YES;
				CLANG_WARN_OBJC_ROOT_CLASS = YES_ERROR;
				CLANG_WARN_UNREACHABLE_CODE = YES;
				CLANG_WARN__DUPLICATE_METHOD_MATCH = YES;
				"CODE_SIGN_IDENTITY[sdk=iphoneos*]" = "iPhone Developer";
				COPY_PHASE_STRIP = NO;
				DEBUG_INFORMATION_FORMAT = "dwarf-with-dsym";
				ENABLE_NS_ASSERTIONS = NO;
				ENABLE_STRICT_OBJC_MSGSEND = YES;
				GCC_C_LANGUAGE_STANDARD = gnu99;
				GCC_NO_COMMON_BLOCKS = YES;
				GCC_WARN_64_TO_32_BIT_CONVERSION = YES;
				GCC_WARN_ABOUT_RETURN_TYPE = YES_ERROR;
				GCC_WARN_UNDECLARED_SELECTOR = YES;
				GCC_WARN_UNINITIALIZED_AUTOS = YES_AGGRESSIVE;
				GCC_WARN_UNUSED_FUNCTION = YES;
				GCC_WARN_UNUSED_VARIABLE = YES;
				IPHONEOS_DEPLOYMENT_TARGET = 8.3;
				MTL_ENABLE_DEBUG_INFO = NO;
				SDKROOT = iphoneos;
				TARGETED_DEVICE_FAMILY = "1,2";
				VALIDATE_PRODUCT = YES;
			};
			name = Release;
		};
		50DE20D81B86B33600114954 /* Debug */ = {
			isa = XCBuildConfiguration;
			buildSettings = {
				ASSETCATALOG_COMPILER_APPICON_NAME = AppIcon;
				INFOPLIST_FILE = YTImageBrowser/Info.plist;
				LD_RUNPATH_SEARCH_PATHS = "$(inherited) @executable_path/Frameworks";
				PRODUCT_NAME = "$(TARGET_NAME)";
			};
			name = Debug;
		};
		50DE20D91B86B33600114954 /* Release */ = {
			isa = XCBuildConfiguration;
			buildSettings = {
				ASSETCATALOG_COMPILER_APPICON_NAME = AppIcon;
				INFOPLIST_FILE = YTImageBrowser/Info.plist;
				LD_RUNPATH_SEARCH_PATHS = "$(inherited) @executable_path/Frameworks";
				PRODUCT_NAME = "$(TARGET_NAME)";
			};
			name = Release;
		};
		50DE20DB1B86B33600114954 /* Debug */ = {
			isa = XCBuildConfiguration;
			buildSettings = {
				BUNDLE_LOADER = "$(TEST_HOST)";
				FRAMEWORK_SEARCH_PATHS = (
					"$(SDKROOT)/Developer/Library/Frameworks",
					"$(inherited)",
				);
				GCC_PREPROCESSOR_DEFINITIONS = (
					"DEBUG=1",
					"$(inherited)",
				);
				INFOPLIST_FILE = YTImageBrowserTests/Info.plist;
				LD_RUNPATH_SEARCH_PATHS = "$(inherited) @executable_path/Frameworks @loader_path/Frameworks";
				PRODUCT_NAME = "$(TARGET_NAME)";
				TEST_HOST = "$(BUILT_PRODUCTS_DIR)/YTImageBrowser.app/YTImageBrowser";
			};
			name = Debug;
		};
		50DE20DC1B86B33600114954 /* Release */ = {
			isa = XCBuildConfiguration;
			buildSettings = {
				BUNDLE_LOADER = "$(TEST_HOST)";
				FRAMEWORK_SEARCH_PATHS = (
					"$(SDKROOT)/Developer/Library/Frameworks",
					"$(inherited)",
				);
				INFOPLIST_FILE = YTImageBrowserTests/Info.plist;
				LD_RUNPATH_SEARCH_PATHS = "$(inherited) @executable_path/Frameworks @loader_path/Frameworks";
				PRODUCT_NAME = "$(TARGET_NAME)";
				TEST_HOST = "$(BUILT_PRODUCTS_DIR)/YTImageBrowser.app/YTImageBrowser";
			};
			name = Release;
		};
/* End XCBuildConfiguration section */

/* Begin XCConfigurationList section */
		50DE20AF1B86B33600114954 /* Build configuration list for PBXProject "YTImageBrowser" */ = {
			isa = XCConfigurationList;
			buildConfigurations = (
				50DE20D51B86B33600114954 /* Debug */,
				50DE20D61B86B33600114954 /* Release */,
			);
			defaultConfigurationIsVisible = 0;
			defaultConfigurationName = Release;
		};
		50DE20D71B86B33600114954 /* Build configuration list for PBXNativeTarget "YTImageBrowser" */ = {
			isa = XCConfigurationList;
			buildConfigurations = (
				50DE20D81B86B33600114954 /* Debug */,
				50DE20D91B86B33600114954 /* Release */,
			);
			defaultConfigurationIsVisible = 0;
			defaultConfigurationName = Release;
		};
		50DE20DA1B86B33600114954 /* Build configuration list for PBXNativeTarget "YTImageBrowserTests" */ = {
			isa = XCConfigurationList;
			buildConfigurations = (
				50DE20DB1B86B33600114954 /* Debug */,
				50DE20DC1B86B33600114954 /* Release */,
			);
			defaultConfigurationIsVisible = 0;
			defaultConfigurationName = Release;
		};
/* End XCConfigurationList section */
	};
	rootObject = 50DE20AC1B86B33600114954 /* Project object */;
}
